
Microsoft Visual Studio Solution File, Format Version 12.00
# Visual Studio Version 17
VisualStudioVersion = 17.6.33815.320
MinimumVisualStudioVersion = 10.0.40219.1
Project("{FAE04EC0-301F-11D3-BF4B-00C04F79EFBC}") = "Assignment7", "Assignment7\Assignment7.csproj", "{97F924C1-C919-4040-AB97-AA640EC453EF}"
EndProject
Global
	GlobalSection(SolutionConfigurationPlatforms) = preSolution
		Debug|Any CPU = Debug|Any CPU
		Release|Any CPU = Release|Any CPU
	EndGlobalSection
	GlobalSection(ProjectConfigurationPlatforms) = postSolution
		{97F924C1-C919-4040-AB97-AA640EC453EF}.Debug|Any CPU.ActiveCfg = Debug|Any CPU
		{97F924C1-C919-4040-AB97-AA640EC453EF}.Debug|Any CPU.Build.0 = Debug|Any CPU
		{97F924C1-C919-4040-AB97-AA640EC453EF}.Release|Any CPU.ActiveCfg = Release|Any CPU
		{97F924C1-C919-4040-AB97-AA640EC453EF}.Release|Any CPU.Build.0 = Release|Any CPU
	EndGlobalSection
	GlobalSection(SolutionProperties) = preSolution
		HideSolutionNode = FALSE
	EndGlobalSection
	GlobalSection(ExtensibilityGlobals) = postSolution
		SolutionGuid = {1432F8FC-0ADB-4607-BF0F-F96B0397EA77}
	EndGlobalSection
EndGlobal
